
Microsoft Visual Studio Solution File, Format Version 12.00
# Visual Studio 15
VisualStudioVersion = 15.0.28307.705
MinimumVisualStudioVersion = 10.0.40219.1
Project("{FAE04EC0-301F-11D3-BF4B-00C04F79EFBC}") = "Compuskills.Projects.TotalTimesheetPro.Domain", "Compuskills.Projects.TotalTimesheetPro.Domain\Compuskills.Projects.TotalTimesheetPro.Domain.csproj", "{FF11A712-CCE5-44AA-B169-1F183DF5E26A}"
EndProject
Project("{FAE04EC0-301F-11D3-BF4B-00C04F79EFBC}") = "Compuskills.Projects.TotalTimesheetPro.Mvc", "Compuskills.Projects.TotalTimesheetPro.Mvc\Compuskills.Projects.TotalTimesheetPro.Mvc.csproj", "{27FD8531-A569-4F97-A47E-DC0898D4EBF2}"
EndProject
Global
	GlobalSection(SolutionConfigurationPlatforms) = preSolution
		Debug|Any CPU = Debug|Any CPU
		Release|Any CPU = Release|Any CPU
	EndGlobalSection
	GlobalSection(ProjectConfigurationPlatforms) = postSolution
		{FF11A712-CCE5-44AA-B169-1F183DF5E26A}.Debug|Any CPU.ActiveCfg = Debug|Any CPU
		{FF11A712-CCE5-44AA-B169-1F183DF5E26A}.Debug|Any CPU.Build.0 = Debug|Any CPU
		{FF11A712-CCE5-44AA-B169-1F183DF5E26A}.Release|Any CPU.ActiveCfg = Release|Any CPU
		{FF11A712-CCE5-44AA-B169-1F183DF5E26A}.Release|Any CPU.Build.0 = Release|Any CPU
		{27FD8531-A569-4F97-A47E-DC0898D4EBF2}.Debug|Any CPU.ActiveCfg = Debug|Any CPU
		{27FD8531-A569-4F97-A47E-DC0898D4EBF2}.Debug|Any CPU.Build.0 = Debug|Any CPU
		{27FD8531-A569-4F97-A47E-DC0898D4EBF2}.Release|Any CPU.ActiveCfg = Release|Any CPU
		{27FD8531-A569-4F97-A47E-DC0898D4EBF2}.Release|Any CPU.Build.0 = Release|Any CPU
	EndGlobalSection
	GlobalSection(SolutionProperties) = preSolution
		HideSolutionNode = FALSE
	EndGlobalSection
	GlobalSection(ExtensibilityGlobals) = postSolution
		SolutionGuid = {4106888B-1E52-4DD4-9EE3-EE23E8EFD3FC}
	EndGlobalSection
EndGlobal
